
Microsoft Visual Studio Solution File, Format Version 12.00
# Visual Studio Version 16
VisualStudioVersion = 16.0.29503.13
MinimumVisualStudioVersion = 10.0.40219.1
Project("{FAE04EC0-301F-11D3-BF4B-00C04F79EFBC}") = "Saper", "Saper\Saper.csproj", "{C7A27004-7241-46BE-8363-4CF5B05152D5}"
EndProject
Global
	GlobalSection(SolutionConfigurationPlatforms) = preSolution
		Debug|Any CPU = Debug|Any CPU
		Release|Any CPU = Release|Any CPU
	EndGlobalSection
	GlobalSection(ProjectConfigurationPlatforms) = postSolution
		{C7A27004-7241-46BE-8363-4CF5B05152D5}.Debug|Any CPU.ActiveCfg = Debug|Any CPU
		{C7A27004-7241-46BE-8363-4CF5B05152D5}.Debug|Any CPU.Build.0 = Debug|Any CPU
		{C7A27004-7241-46BE-8363-4CF5B05152D5}.Release|Any CPU.ActiveCfg = Release|Any CPU
		{C7A27004-7241-46BE-8363-4CF5B05152D5}.Release|Any CPU.Build.0 = Release|Any CPU
	EndGlobalSection
	GlobalSection(SolutionProperties) = preSolution
		HideSolutionNode = FALSE
	EndGlobalSection
	GlobalSection(ExtensibilityGlobals) = postSolution
		SolutionGuid = {1B9C024F-B572-4FEB-912B-8CF0CA665014}
	EndGlobalSection
EndGlobal
